
Microsoft Visual Studio Solution File, Format Version 12.00
# Visual Studio Version 16
VisualStudioVersion = 16.0.30907.101
MinimumVisualStudioVersion = 10.0.40219.1
Project("{8BC9CEB8-8B4A-11D0-8D11-00A0C91BC942}") = "assignment_4", "assignment_4.vcxproj", "{747C6D87-A412-4BC9-8869-7C9953BA932C}"
EndProject
Global
	GlobalSection(SolutionConfigurationPlatforms) = preSolution
		Debug|x64 = Debug|x64
		Debug|x86 = Debug|x86
		Release|x64 = Release|x64
		Release|x86 = Release|x86
	EndGlobalSection
	GlobalSection(ProjectConfigurationPlatforms) = postSolution
		{747C6D87-A412-4BC9-8869-7C9953BA932C}.Debug|x64.ActiveCfg = Debug|x64
		{747C6D87-A412-4BC9-8869-7C9953BA932C}.Debug|x64.Build.0 = Debug|x64
		{747C6D87-A412-4BC9-8869-7C9953BA932C}.Debug|x86.ActiveCfg = Debug|Win32
		{747C6D87-A412-4BC9-8869-7C9953BA932C}.Debug|x86.Build.0 = Debug|Win32
		{747C6D87-A412-4BC9-8869-7C9953BA932C}.Release|x64.ActiveCfg = Release|x64
		{747C6D87-A412-4BC9-8869-7C9953BA932C}.Release|x64.Build.0 = Release|x64
		{747C6D87-A412-4BC9-8869-7C9953BA932C}.Release|x86.ActiveCfg = Release|Win32
		{747C6D87-A412-4BC9-8869-7C9953BA932C}.Release|x86.Build.0 = Release|Win32
	EndGlobalSection
	GlobalSection(SolutionProperties) = preSolution
		HideSolutionNode = FALSE
	EndGlobalSection
	GlobalSection(ExtensibilityGlobals) = postSolution
		SolutionGuid = {8A2ADF5B-0E2E-49CD-91B7-D966D8604D3D}
	EndGlobalSection
EndGlobal
