
Microsoft Visual Studio Solution File, Format Version 12.00
# Visual Studio Version 16
VisualStudioVersion = 16.0.31129.286
MinimumVisualStudioVersion = 10.0.40219.1
Project("{8BC9CEB8-8B4A-11D0-8D11-00A0C91BC942}") = "04_19_2021", "04_19_2021.vcxproj", "{945B28B9-EF76-4E7E-90B9-313F50DCB34E}"
EndProject
Global
	GlobalSection(SolutionConfigurationPlatforms) = preSolution
		Debug|x64 = Debug|x64
		Debug|x86 = Debug|x86
		Release|x64 = Release|x64
		Release|x86 = Release|x86
	EndGlobalSection
	GlobalSection(ProjectConfigurationPlatforms) = postSolution
		{945B28B9-EF76-4E7E-90B9-313F50DCB34E}.Debug|x64.ActiveCfg = Debug|x64
		{945B28B9-EF76-4E7E-90B9-313F50DCB34E}.Debug|x64.Build.0 = Debug|x64
		{945B28B9-EF76-4E7E-90B9-313F50DCB34E}.Debug|x86.ActiveCfg = Debug|Win32
		{945B28B9-EF76-4E7E-90B9-313F50DCB34E}.Debug|x86.Build.0 = Debug|Win32
		{945B28B9-EF76-4E7E-90B9-313F50DCB34E}.Release|x64.ActiveCfg = Release|x64
		{945B28B9-EF76-4E7E-90B9-313F50DCB34E}.Release|x64.Build.0 = Release|x64
		{945B28B9-EF76-4E7E-90B9-313F50DCB34E}.Release|x86.ActiveCfg = Release|Win32
		{945B28B9-EF76-4E7E-90B9-313F50DCB34E}.Release|x86.Build.0 = Release|Win32
	EndGlobalSection
	GlobalSection(SolutionProperties) = preSolution
		HideSolutionNode = FALSE
	EndGlobalSection
	GlobalSection(ExtensibilityGlobals) = postSolution
		SolutionGuid = {BB0B5C26-761F-4943-9350-54B4991E8296}
	EndGlobalSection
EndGlobal
