
Microsoft Visual Studio Solution File, Format Version 12.00
# Visual Studio Version 16
VisualStudioVersion = 16.0.30907.101
MinimumVisualStudioVersion = 10.0.40219.1
Project("{8BC9CEB8-8B4A-11D0-8D11-00A0C91BC942}") = "02_22_2021", "02_22_2021.vcxproj", "{35C92762-D6F5-4F35-8DD5-C1A9ED85DB7E}"
EndProject
Global
	GlobalSection(SolutionConfigurationPlatforms) = preSolution
		Debug|x64 = Debug|x64
		Debug|x86 = Debug|x86
		Release|x64 = Release|x64
		Release|x86 = Release|x86
	EndGlobalSection
	GlobalSection(ProjectConfigurationPlatforms) = postSolution
		{35C92762-D6F5-4F35-8DD5-C1A9ED85DB7E}.Debug|x64.ActiveCfg = Debug|x64
		{35C92762-D6F5-4F35-8DD5-C1A9ED85DB7E}.Debug|x64.Build.0 = Debug|x64
		{35C92762-D6F5-4F35-8DD5-C1A9ED85DB7E}.Debug|x86.ActiveCfg = Debug|Win32
		{35C92762-D6F5-4F35-8DD5-C1A9ED85DB7E}.Debug|x86.Build.0 = Debug|Win32
		{35C92762-D6F5-4F35-8DD5-C1A9ED85DB7E}.Release|x64.ActiveCfg = Release|x64
		{35C92762-D6F5-4F35-8DD5-C1A9ED85DB7E}.Release|x64.Build.0 = Release|x64
		{35C92762-D6F5-4F35-8DD5-C1A9ED85DB7E}.Release|x86.ActiveCfg = Release|Win32
		{35C92762-D6F5-4F35-8DD5-C1A9ED85DB7E}.Release|x86.Build.0 = Release|Win32
	EndGlobalSection
	GlobalSection(SolutionProperties) = preSolution
		HideSolutionNode = FALSE
	EndGlobalSection
	GlobalSection(ExtensibilityGlobals) = postSolution
		SolutionGuid = {EEE0264F-A0C4-40A9-B05A-BD4CFF03CAF7}
	EndGlobalSection
EndGlobal
