
Microsoft Visual Studio Solution File, Format Version 12.00
# Visual Studio Version 16
VisualStudioVersion = 16.0.31129.286
MinimumVisualStudioVersion = 10.0.40219.1
Project("{8BC9CEB8-8B4A-11D0-8D11-00A0C91BC942}") = "assignment_9", "assignment_9.vcxproj", "{B6A4EAC5-B55A-4E46-A503-B03C38DB86D0}"
EndProject
Global
	GlobalSection(SolutionConfigurationPlatforms) = preSolution
		Debug|x64 = Debug|x64
		Debug|x86 = Debug|x86
		Release|x64 = Release|x64
		Release|x86 = Release|x86
	EndGlobalSection
	GlobalSection(ProjectConfigurationPlatforms) = postSolution
		{B6A4EAC5-B55A-4E46-A503-B03C38DB86D0}.Debug|x64.ActiveCfg = Debug|x64
		{B6A4EAC5-B55A-4E46-A503-B03C38DB86D0}.Debug|x64.Build.0 = Debug|x64
		{B6A4EAC5-B55A-4E46-A503-B03C38DB86D0}.Debug|x86.ActiveCfg = Debug|Win32
		{B6A4EAC5-B55A-4E46-A503-B03C38DB86D0}.Debug|x86.Build.0 = Debug|Win32
		{B6A4EAC5-B55A-4E46-A503-B03C38DB86D0}.Release|x64.ActiveCfg = Release|x64
		{B6A4EAC5-B55A-4E46-A503-B03C38DB86D0}.Release|x64.Build.0 = Release|x64
		{B6A4EAC5-B55A-4E46-A503-B03C38DB86D0}.Release|x86.ActiveCfg = Release|Win32
		{B6A4EAC5-B55A-4E46-A503-B03C38DB86D0}.Release|x86.Build.0 = Release|Win32
	EndGlobalSection
	GlobalSection(SolutionProperties) = preSolution
		HideSolutionNode = FALSE
	EndGlobalSection
	GlobalSection(ExtensibilityGlobals) = postSolution
		SolutionGuid = {66A0C486-72FE-42DB-8C2A-30CEE39A4A27}
	EndGlobalSection
EndGlobal
