
Microsoft Visual Studio Solution File, Format Version 12.00
# Visual Studio Version 16
VisualStudioVersion = 16.0.31129.286
MinimumVisualStudioVersion = 10.0.40219.1
Project("{8BC9CEB8-8B4A-11D0-8D11-00A0C91BC942}") = "04_28_2021", "04_28_2021.vcxproj", "{BE83486C-5A9B-4A17-BED8-644F3AC3B667}"
EndProject
Global
	GlobalSection(SolutionConfigurationPlatforms) = preSolution
		Debug|x64 = Debug|x64
		Debug|x86 = Debug|x86
		Release|x64 = Release|x64
		Release|x86 = Release|x86
	EndGlobalSection
	GlobalSection(ProjectConfigurationPlatforms) = postSolution
		{BE83486C-5A9B-4A17-BED8-644F3AC3B667}.Debug|x64.ActiveCfg = Debug|x64
		{BE83486C-5A9B-4A17-BED8-644F3AC3B667}.Debug|x64.Build.0 = Debug|x64
		{BE83486C-5A9B-4A17-BED8-644F3AC3B667}.Debug|x86.ActiveCfg = Debug|Win32
		{BE83486C-5A9B-4A17-BED8-644F3AC3B667}.Debug|x86.Build.0 = Debug|Win32
		{BE83486C-5A9B-4A17-BED8-644F3AC3B667}.Release|x64.ActiveCfg = Release|x64
		{BE83486C-5A9B-4A17-BED8-644F3AC3B667}.Release|x64.Build.0 = Release|x64
		{BE83486C-5A9B-4A17-BED8-644F3AC3B667}.Release|x86.ActiveCfg = Release|Win32
		{BE83486C-5A9B-4A17-BED8-644F3AC3B667}.Release|x86.Build.0 = Release|Win32
	EndGlobalSection
	GlobalSection(SolutionProperties) = preSolution
		HideSolutionNode = FALSE
	EndGlobalSection
	GlobalSection(ExtensibilityGlobals) = postSolution
		SolutionGuid = {093F00F9-6700-4DD1-BDD7-00EC647B4884}
	EndGlobalSection
EndGlobal
